
Microsoft Visual Studio Solution File, Format Version 12.00
Project("{FAE04EC0-301F-11D3-BF4B-00C04F79EFBC}") = "Linuxy", "Linuxy\Linuxy.csproj", "{71FBFBA2-1480-4ADA-83DE-1DF7A3479F79}"
EndProject
Global
	GlobalSection(SolutionConfigurationPlatforms) = preSolution
		Debug|Any CPU = Debug|Any CPU
		Release|Any CPU = Release|Any CPU
	EndGlobalSection
	GlobalSection(ProjectConfigurationPlatforms) = postSolution
		{71FBFBA2-1480-4ADA-83DE-1DF7A3479F79}.Debug|Any CPU.ActiveCfg = Debug|Any CPU
		{71FBFBA2-1480-4ADA-83DE-1DF7A3479F79}.Debug|Any CPU.Build.0 = Debug|Any CPU
		{71FBFBA2-1480-4ADA-83DE-1DF7A3479F79}.Release|Any CPU.ActiveCfg = Release|Any CPU
		{71FBFBA2-1480-4ADA-83DE-1DF7A3479F79}.Release|Any CPU.Build.0 = Release|Any CPU
	EndGlobalSection
EndGlobal
